
Microsoft Visual Studio Solution File, Format Version 12.00
# Visual Studio 14
VisualStudioVersion = 14.0.25420.1
MinimumVisualStudioVersion = 10.0.40219.1
<<<<<<< HEAD
Project("{2150E333-8FDC-42A3-9474-1A3956D46DE8}") = "Engine", "Engine", "{59EB7CFC-EFBD-4314-A9AE-11CDB37CC2D3}"
EndProject
Project("{2150E333-8FDC-42A3-9474-1A3956D46DE8}") = "Games", "Games", "{8F0E50B6-7097-4659-9A7F-CE416303AA4E}"
EndProject
Project("{8BC9CEB8-8B4A-11D0-8D11-00A0C91BC942}") = "UE4", "Intermediate\ProjectFiles\UE4.vcxproj", "{E7A8AE78-E188-401C-8766-07C7974F7FD0}"
EndProject
Project("{8BC9CEB8-8B4A-11D0-8D11-00A0C91BC942}") = "TestProject", "Intermediate\ProjectFiles\TestProject.vcxproj", "{E9143E6F-7637-4DE1-A695-AF1720C35D49}"
=======
Project("{2150E333-8FDC-42A3-9474-1A3956D46DE8}") = "Engine", "Engine", "{8C486E7A-26D3-40CC-A6F1-30B00BAD91BB}"
EndProject
Project("{2150E333-8FDC-42A3-9474-1A3956D46DE8}") = "Games", "Games", "{702D5FFE-7905-428B-8F94-73A984BC7B9C}"
EndProject
Project("{8BC9CEB8-8B4A-11D0-8D11-00A0C91BC942}") = "UE4", "Intermediate\ProjectFiles\UE4.vcxproj", "{89A7E747-02C8-4802-9CD7-4C31F566BF8B}"
EndProject
Project("{8BC9CEB8-8B4A-11D0-8D11-00A0C91BC942}") = "TestProject", "Intermediate\ProjectFiles\TestProject.vcxproj", "{8AE9DA28-6C6B-4756-8B7E-B4D7D3361A2D}"
>>>>>>> a5b1da4565263d0fd351cae7968afe804c746aaf
EndProject
Global
	GlobalSection(SolutionConfigurationPlatforms) = preSolution
		DebugGame Editor|HTML5 = DebugGame Editor|HTML5
		DebugGame Editor|Win32 = DebugGame Editor|Win32
		DebugGame Editor|Win64 = DebugGame Editor|Win64
		DebugGame|HTML5 = DebugGame|HTML5
		DebugGame|Win32 = DebugGame|Win32
		DebugGame|Win64 = DebugGame|Win64
		Development Editor|HTML5 = Development Editor|HTML5
		Development Editor|Win32 = Development Editor|Win32
		Development Editor|Win64 = Development Editor|Win64
		Development|HTML5 = Development|HTML5
		Development|Win32 = Development|Win32
		Development|Win64 = Development|Win64
		Shipping|HTML5 = Shipping|HTML5
		Shipping|Win32 = Shipping|Win32
		Shipping|Win64 = Shipping|Win64
	EndGlobalSection
	GlobalSection(ProjectConfigurationPlatforms) = postSolution
<<<<<<< HEAD
		{E7A8AE78-E188-401C-8766-07C7974F7FD0}.DebugGame Editor|HTML5.ActiveCfg = BuiltWithUnrealBuildTool|Win32
		{E7A8AE78-E188-401C-8766-07C7974F7FD0}.DebugGame Editor|HTML5.Build.0 = BuiltWithUnrealBuildTool|Win32
		{E7A8AE78-E188-401C-8766-07C7974F7FD0}.DebugGame Editor|Win32.ActiveCfg = BuiltWithUnrealBuildTool|Win32
		{E7A8AE78-E188-401C-8766-07C7974F7FD0}.DebugGame Editor|Win32.Build.0 = BuiltWithUnrealBuildTool|Win32
		{E7A8AE78-E188-401C-8766-07C7974F7FD0}.DebugGame Editor|Win64.ActiveCfg = BuiltWithUnrealBuildTool|Win32
		{E7A8AE78-E188-401C-8766-07C7974F7FD0}.DebugGame Editor|Win64.Build.0 = BuiltWithUnrealBuildTool|Win32
		{E7A8AE78-E188-401C-8766-07C7974F7FD0}.DebugGame|HTML5.ActiveCfg = BuiltWithUnrealBuildTool|Win32
		{E7A8AE78-E188-401C-8766-07C7974F7FD0}.DebugGame|HTML5.Build.0 = BuiltWithUnrealBuildTool|Win32
		{E7A8AE78-E188-401C-8766-07C7974F7FD0}.DebugGame|Win32.ActiveCfg = BuiltWithUnrealBuildTool|Win32
		{E7A8AE78-E188-401C-8766-07C7974F7FD0}.DebugGame|Win32.Build.0 = BuiltWithUnrealBuildTool|Win32
		{E7A8AE78-E188-401C-8766-07C7974F7FD0}.DebugGame|Win64.ActiveCfg = BuiltWithUnrealBuildTool|Win32
		{E7A8AE78-E188-401C-8766-07C7974F7FD0}.DebugGame|Win64.Build.0 = BuiltWithUnrealBuildTool|Win32
		{E7A8AE78-E188-401C-8766-07C7974F7FD0}.Development Editor|HTML5.ActiveCfg = BuiltWithUnrealBuildTool|Win32
		{E7A8AE78-E188-401C-8766-07C7974F7FD0}.Development Editor|HTML5.Build.0 = BuiltWithUnrealBuildTool|Win32
		{E7A8AE78-E188-401C-8766-07C7974F7FD0}.Development Editor|Win32.ActiveCfg = BuiltWithUnrealBuildTool|Win32
		{E7A8AE78-E188-401C-8766-07C7974F7FD0}.Development Editor|Win32.Build.0 = BuiltWithUnrealBuildTool|Win32
		{E7A8AE78-E188-401C-8766-07C7974F7FD0}.Development Editor|Win64.ActiveCfg = BuiltWithUnrealBuildTool|Win32
		{E7A8AE78-E188-401C-8766-07C7974F7FD0}.Development Editor|Win64.Build.0 = BuiltWithUnrealBuildTool|Win32
		{E7A8AE78-E188-401C-8766-07C7974F7FD0}.Development|HTML5.ActiveCfg = BuiltWithUnrealBuildTool|Win32
		{E7A8AE78-E188-401C-8766-07C7974F7FD0}.Development|HTML5.Build.0 = BuiltWithUnrealBuildTool|Win32
		{E7A8AE78-E188-401C-8766-07C7974F7FD0}.Development|Win32.ActiveCfg = BuiltWithUnrealBuildTool|Win32
		{E7A8AE78-E188-401C-8766-07C7974F7FD0}.Development|Win32.Build.0 = BuiltWithUnrealBuildTool|Win32
		{E7A8AE78-E188-401C-8766-07C7974F7FD0}.Development|Win64.ActiveCfg = BuiltWithUnrealBuildTool|Win32
		{E7A8AE78-E188-401C-8766-07C7974F7FD0}.Development|Win64.Build.0 = BuiltWithUnrealBuildTool|Win32
		{E7A8AE78-E188-401C-8766-07C7974F7FD0}.Shipping|HTML5.ActiveCfg = BuiltWithUnrealBuildTool|Win32
		{E7A8AE78-E188-401C-8766-07C7974F7FD0}.Shipping|HTML5.Build.0 = BuiltWithUnrealBuildTool|Win32
		{E7A8AE78-E188-401C-8766-07C7974F7FD0}.Shipping|Win32.ActiveCfg = BuiltWithUnrealBuildTool|Win32
		{E7A8AE78-E188-401C-8766-07C7974F7FD0}.Shipping|Win32.Build.0 = BuiltWithUnrealBuildTool|Win32
		{E7A8AE78-E188-401C-8766-07C7974F7FD0}.Shipping|Win64.ActiveCfg = BuiltWithUnrealBuildTool|Win32
		{E7A8AE78-E188-401C-8766-07C7974F7FD0}.Shipping|Win64.Build.0 = BuiltWithUnrealBuildTool|Win32
		{E9143E6F-7637-4DE1-A695-AF1720C35D49}.DebugGame Editor|HTML5.ActiveCfg = HTML5_DebugGame_Editor|Win32
		{E9143E6F-7637-4DE1-A695-AF1720C35D49}.DebugGame Editor|Win32.ActiveCfg = DebugGame_Editor|Win32
		{E9143E6F-7637-4DE1-A695-AF1720C35D49}.DebugGame Editor|Win64.ActiveCfg = DebugGame_Editor|x64
		{E9143E6F-7637-4DE1-A695-AF1720C35D49}.DebugGame Editor|Win64.Build.0 = DebugGame_Editor|x64
		{E9143E6F-7637-4DE1-A695-AF1720C35D49}.DebugGame|HTML5.ActiveCfg = HTML5_DebugGame_Game|Win32
		{E9143E6F-7637-4DE1-A695-AF1720C35D49}.DebugGame|HTML5.Build.0 = HTML5_DebugGame_Game|Win32
		{E9143E6F-7637-4DE1-A695-AF1720C35D49}.DebugGame|Win32.ActiveCfg = DebugGame_Game|Win32
		{E9143E6F-7637-4DE1-A695-AF1720C35D49}.DebugGame|Win32.Build.0 = DebugGame_Game|Win32
		{E9143E6F-7637-4DE1-A695-AF1720C35D49}.DebugGame|Win64.ActiveCfg = DebugGame_Game|x64
		{E9143E6F-7637-4DE1-A695-AF1720C35D49}.DebugGame|Win64.Build.0 = DebugGame_Game|x64
		{E9143E6F-7637-4DE1-A695-AF1720C35D49}.Development Editor|HTML5.ActiveCfg = HTML5_Development_Editor|Win32
		{E9143E6F-7637-4DE1-A695-AF1720C35D49}.Development Editor|Win32.ActiveCfg = Development_Editor|Win32
		{E9143E6F-7637-4DE1-A695-AF1720C35D49}.Development Editor|Win64.ActiveCfg = Development_Editor|x64
		{E9143E6F-7637-4DE1-A695-AF1720C35D49}.Development Editor|Win64.Build.0 = Development_Editor|x64
		{E9143E6F-7637-4DE1-A695-AF1720C35D49}.Development|HTML5.ActiveCfg = HTML5_Development_Game|Win32
		{E9143E6F-7637-4DE1-A695-AF1720C35D49}.Development|HTML5.Build.0 = HTML5_Development_Game|Win32
		{E9143E6F-7637-4DE1-A695-AF1720C35D49}.Development|Win32.ActiveCfg = Development_Game|Win32
		{E9143E6F-7637-4DE1-A695-AF1720C35D49}.Development|Win32.Build.0 = Development_Game|Win32
		{E9143E6F-7637-4DE1-A695-AF1720C35D49}.Development|Win64.ActiveCfg = Development_Game|x64
		{E9143E6F-7637-4DE1-A695-AF1720C35D49}.Development|Win64.Build.0 = Development_Game|x64
		{E9143E6F-7637-4DE1-A695-AF1720C35D49}.Shipping|HTML5.ActiveCfg = HTML5_Shipping_Game|Win32
		{E9143E6F-7637-4DE1-A695-AF1720C35D49}.Shipping|HTML5.Build.0 = HTML5_Shipping_Game|Win32
		{E9143E6F-7637-4DE1-A695-AF1720C35D49}.Shipping|Win32.ActiveCfg = Shipping_Game|Win32
		{E9143E6F-7637-4DE1-A695-AF1720C35D49}.Shipping|Win32.Build.0 = Shipping_Game|Win32
		{E9143E6F-7637-4DE1-A695-AF1720C35D49}.Shipping|Win64.ActiveCfg = Shipping_Game|x64
		{E9143E6F-7637-4DE1-A695-AF1720C35D49}.Shipping|Win64.Build.0 = Shipping_Game|x64
=======
		{89A7E747-02C8-4802-9CD7-4C31F566BF8B}.DebugGame Editor|HTML5.ActiveCfg = BuiltWithUnrealBuildTool|Win32
		{89A7E747-02C8-4802-9CD7-4C31F566BF8B}.DebugGame Editor|HTML5.Build.0 = BuiltWithUnrealBuildTool|Win32
		{89A7E747-02C8-4802-9CD7-4C31F566BF8B}.DebugGame Editor|Win32.ActiveCfg = BuiltWithUnrealBuildTool|Win32
		{89A7E747-02C8-4802-9CD7-4C31F566BF8B}.DebugGame Editor|Win32.Build.0 = BuiltWithUnrealBuildTool|Win32
		{89A7E747-02C8-4802-9CD7-4C31F566BF8B}.DebugGame Editor|Win64.ActiveCfg = BuiltWithUnrealBuildTool|Win32
		{89A7E747-02C8-4802-9CD7-4C31F566BF8B}.DebugGame Editor|Win64.Build.0 = BuiltWithUnrealBuildTool|Win32
		{89A7E747-02C8-4802-9CD7-4C31F566BF8B}.DebugGame|HTML5.ActiveCfg = BuiltWithUnrealBuildTool|Win32
		{89A7E747-02C8-4802-9CD7-4C31F566BF8B}.DebugGame|HTML5.Build.0 = BuiltWithUnrealBuildTool|Win32
		{89A7E747-02C8-4802-9CD7-4C31F566BF8B}.DebugGame|Win32.ActiveCfg = BuiltWithUnrealBuildTool|Win32
		{89A7E747-02C8-4802-9CD7-4C31F566BF8B}.DebugGame|Win32.Build.0 = BuiltWithUnrealBuildTool|Win32
		{89A7E747-02C8-4802-9CD7-4C31F566BF8B}.DebugGame|Win64.ActiveCfg = BuiltWithUnrealBuildTool|Win32
		{89A7E747-02C8-4802-9CD7-4C31F566BF8B}.DebugGame|Win64.Build.0 = BuiltWithUnrealBuildTool|Win32
		{89A7E747-02C8-4802-9CD7-4C31F566BF8B}.Development Editor|HTML5.ActiveCfg = BuiltWithUnrealBuildTool|Win32
		{89A7E747-02C8-4802-9CD7-4C31F566BF8B}.Development Editor|HTML5.Build.0 = BuiltWithUnrealBuildTool|Win32
		{89A7E747-02C8-4802-9CD7-4C31F566BF8B}.Development Editor|Win32.ActiveCfg = BuiltWithUnrealBuildTool|Win32
		{89A7E747-02C8-4802-9CD7-4C31F566BF8B}.Development Editor|Win32.Build.0 = BuiltWithUnrealBuildTool|Win32
		{89A7E747-02C8-4802-9CD7-4C31F566BF8B}.Development Editor|Win64.ActiveCfg = BuiltWithUnrealBuildTool|Win32
		{89A7E747-02C8-4802-9CD7-4C31F566BF8B}.Development Editor|Win64.Build.0 = BuiltWithUnrealBuildTool|Win32
		{89A7E747-02C8-4802-9CD7-4C31F566BF8B}.Development|HTML5.ActiveCfg = BuiltWithUnrealBuildTool|Win32
		{89A7E747-02C8-4802-9CD7-4C31F566BF8B}.Development|HTML5.Build.0 = BuiltWithUnrealBuildTool|Win32
		{89A7E747-02C8-4802-9CD7-4C31F566BF8B}.Development|Win32.ActiveCfg = BuiltWithUnrealBuildTool|Win32
		{89A7E747-02C8-4802-9CD7-4C31F566BF8B}.Development|Win32.Build.0 = BuiltWithUnrealBuildTool|Win32
		{89A7E747-02C8-4802-9CD7-4C31F566BF8B}.Development|Win64.ActiveCfg = BuiltWithUnrealBuildTool|Win32
		{89A7E747-02C8-4802-9CD7-4C31F566BF8B}.Development|Win64.Build.0 = BuiltWithUnrealBuildTool|Win32
		{89A7E747-02C8-4802-9CD7-4C31F566BF8B}.Shipping|HTML5.ActiveCfg = BuiltWithUnrealBuildTool|Win32
		{89A7E747-02C8-4802-9CD7-4C31F566BF8B}.Shipping|HTML5.Build.0 = BuiltWithUnrealBuildTool|Win32
		{89A7E747-02C8-4802-9CD7-4C31F566BF8B}.Shipping|Win32.ActiveCfg = BuiltWithUnrealBuildTool|Win32
		{89A7E747-02C8-4802-9CD7-4C31F566BF8B}.Shipping|Win32.Build.0 = BuiltWithUnrealBuildTool|Win32
		{89A7E747-02C8-4802-9CD7-4C31F566BF8B}.Shipping|Win64.ActiveCfg = BuiltWithUnrealBuildTool|Win32
		{89A7E747-02C8-4802-9CD7-4C31F566BF8B}.Shipping|Win64.Build.0 = BuiltWithUnrealBuildTool|Win32
		{8AE9DA28-6C6B-4756-8B7E-B4D7D3361A2D}.DebugGame Editor|HTML5.ActiveCfg = HTML5_DebugGame_Editor|Win32
		{8AE9DA28-6C6B-4756-8B7E-B4D7D3361A2D}.DebugGame Editor|Win32.ActiveCfg = DebugGame_Editor|Win32
		{8AE9DA28-6C6B-4756-8B7E-B4D7D3361A2D}.DebugGame Editor|Win64.ActiveCfg = DebugGame_Editor|x64
		{8AE9DA28-6C6B-4756-8B7E-B4D7D3361A2D}.DebugGame Editor|Win64.Build.0 = DebugGame_Editor|x64
		{8AE9DA28-6C6B-4756-8B7E-B4D7D3361A2D}.DebugGame|HTML5.ActiveCfg = HTML5_DebugGame_Game|Win32
		{8AE9DA28-6C6B-4756-8B7E-B4D7D3361A2D}.DebugGame|HTML5.Build.0 = HTML5_DebugGame_Game|Win32
		{8AE9DA28-6C6B-4756-8B7E-B4D7D3361A2D}.DebugGame|Win32.ActiveCfg = DebugGame_Game|Win32
		{8AE9DA28-6C6B-4756-8B7E-B4D7D3361A2D}.DebugGame|Win32.Build.0 = DebugGame_Game|Win32
		{8AE9DA28-6C6B-4756-8B7E-B4D7D3361A2D}.DebugGame|Win64.ActiveCfg = DebugGame_Game|x64
		{8AE9DA28-6C6B-4756-8B7E-B4D7D3361A2D}.DebugGame|Win64.Build.0 = DebugGame_Game|x64
		{8AE9DA28-6C6B-4756-8B7E-B4D7D3361A2D}.Development Editor|HTML5.ActiveCfg = HTML5_Development_Editor|Win32
		{8AE9DA28-6C6B-4756-8B7E-B4D7D3361A2D}.Development Editor|Win32.ActiveCfg = Development_Editor|Win32
		{8AE9DA28-6C6B-4756-8B7E-B4D7D3361A2D}.Development Editor|Win64.ActiveCfg = Development_Editor|x64
		{8AE9DA28-6C6B-4756-8B7E-B4D7D3361A2D}.Development Editor|Win64.Build.0 = Development_Editor|x64
		{8AE9DA28-6C6B-4756-8B7E-B4D7D3361A2D}.Development|HTML5.ActiveCfg = HTML5_Development_Game|Win32
		{8AE9DA28-6C6B-4756-8B7E-B4D7D3361A2D}.Development|HTML5.Build.0 = HTML5_Development_Game|Win32
		{8AE9DA28-6C6B-4756-8B7E-B4D7D3361A2D}.Development|Win32.ActiveCfg = Development_Game|Win32
		{8AE9DA28-6C6B-4756-8B7E-B4D7D3361A2D}.Development|Win32.Build.0 = Development_Game|Win32
		{8AE9DA28-6C6B-4756-8B7E-B4D7D3361A2D}.Development|Win64.ActiveCfg = Development_Game|x64
		{8AE9DA28-6C6B-4756-8B7E-B4D7D3361A2D}.Development|Win64.Build.0 = Development_Game|x64
		{8AE9DA28-6C6B-4756-8B7E-B4D7D3361A2D}.Shipping|HTML5.ActiveCfg = HTML5_Shipping_Game|Win32
		{8AE9DA28-6C6B-4756-8B7E-B4D7D3361A2D}.Shipping|HTML5.Build.0 = HTML5_Shipping_Game|Win32
		{8AE9DA28-6C6B-4756-8B7E-B4D7D3361A2D}.Shipping|Win32.ActiveCfg = Shipping_Game|Win32
		{8AE9DA28-6C6B-4756-8B7E-B4D7D3361A2D}.Shipping|Win32.Build.0 = Shipping_Game|Win32
		{8AE9DA28-6C6B-4756-8B7E-B4D7D3361A2D}.Shipping|Win64.ActiveCfg = Shipping_Game|x64
		{8AE9DA28-6C6B-4756-8B7E-B4D7D3361A2D}.Shipping|Win64.Build.0 = Shipping_Game|x64
>>>>>>> a5b1da4565263d0fd351cae7968afe804c746aaf
	EndGlobalSection
	GlobalSection(SolutionProperties) = preSolution
		HideSolutionNode = FALSE
	EndGlobalSection
	GlobalSection(NestedProjects) = preSolution
<<<<<<< HEAD
		{E7A8AE78-E188-401C-8766-07C7974F7FD0} = {59EB7CFC-EFBD-4314-A9AE-11CDB37CC2D3}
		{E9143E6F-7637-4DE1-A695-AF1720C35D49} = {8F0E50B6-7097-4659-9A7F-CE416303AA4E}
=======
		{89A7E747-02C8-4802-9CD7-4C31F566BF8B} = {8C486E7A-26D3-40CC-A6F1-30B00BAD91BB}
		{8AE9DA28-6C6B-4756-8B7E-B4D7D3361A2D} = {702D5FFE-7905-428B-8F94-73A984BC7B9C}
>>>>>>> a5b1da4565263d0fd351cae7968afe804c746aaf
	EndGlobalSection
EndGlobal
